
Microsoft Visual Studio Solution File, Format Version 12.00
# Visual Studio Version 17
VisualStudioVersion = 17.0.31903.59
MinimumVisualStudioVersion = 10.0.40219.1
Project("{2150E333-8FDC-42A3-9474-1A3956D46DE8}") = "server", "server", "{94DCB5E0-8E29-41C7-ACFA-7B106CFC6C88}"
EndProject
Project("{FAE04EC0-301F-11D3-BF4B-00C04F79EFBC}") = "Api", "server\Api\Api.csproj", "{98779403-AA57-40B0-B915-3459A4F8C7CC}"
EndProject
Project("{FAE04EC0-301F-11D3-BF4B-00C04F79EFBC}") = "DataAccess", "server\DataAccess\DataAccess.csproj", "{F08B1E97-78B8-4264-98DC-EBE03B849A01}"
EndProject
Project("{2150E333-8FDC-42A3-9474-1A3956D46DE8}") = "Solution Items", "Solution Items", "{02EE1952-29F4-4C70-8128-37E598042BD3}"
	ProjectSection(SolutionItems) = preProject
		compose.yaml = compose.yaml
	EndProjectSection
EndProject
Global
	GlobalSection(SolutionConfigurationPlatforms) = preSolution
		Debug|Any CPU = Debug|Any CPU
		Release|Any CPU = Release|Any CPU
	EndGlobalSection
	GlobalSection(SolutionProperties) = preSolution
		HideSolutionNode = FALSE
	EndGlobalSection
	GlobalSection(ProjectConfigurationPlatforms) = postSolution
		{98779403-AA57-40B0-B915-3459A4F8C7CC}.Debug|Any CPU.ActiveCfg = Debug|Any CPU
		{98779403-AA57-40B0-B915-3459A4F8C7CC}.Debug|Any CPU.Build.0 = Debug|Any CPU
		{98779403-AA57-40B0-B915-3459A4F8C7CC}.Release|Any CPU.ActiveCfg = Release|Any CPU
		{98779403-AA57-40B0-B915-3459A4F8C7CC}.Release|Any CPU.Build.0 = Release|Any CPU
		{F08B1E97-78B8-4264-98DC-EBE03B849A01}.Debug|Any CPU.ActiveCfg = Debug|Any CPU
		{F08B1E97-78B8-4264-98DC-EBE03B849A01}.Debug|Any CPU.Build.0 = Debug|Any CPU
		{F08B1E97-78B8-4264-98DC-EBE03B849A01}.Release|Any CPU.ActiveCfg = Release|Any CPU
		{F08B1E97-78B8-4264-98DC-EBE03B849A01}.Release|Any CPU.Build.0 = Release|Any CPU
	EndGlobalSection
	GlobalSection(NestedProjects) = preSolution
		{98779403-AA57-40B0-B915-3459A4F8C7CC} = {94DCB5E0-8E29-41C7-ACFA-7B106CFC6C88}
		{F08B1E97-78B8-4264-98DC-EBE03B849A01} = {94DCB5E0-8E29-41C7-ACFA-7B106CFC6C88}
	EndGlobalSection
EndGlobal
